
Microsoft Visual Studio Solution File, Format Version 11.00
# Visual Studio 2010
Project("{FAE04EC0-301F-11D3-BF4B-00C04F79EFBC}") = "YENI_wf_FMC_SAS", "FMC_SAS_Yeni\YENI_wf_FMC_SAS.csproj", "{D1902677-EB7D-4500-943B-1094647C8F37}"
EndProject
Project("{FAE04EC0-301F-11D3-BF4B-00C04F79EFBC}") = "wsUpdaterAndUploader", "wsUpdaterAndUploader\wsUpdaterAndUploader.csproj", "{1D978781-5654-407E-8F05-4E205BE56044}"
EndProject
Project("{FAE04EC0-301F-11D3-BF4B-00C04F79EFBC}") = "SASLib", "SASLib\SASLib.csproj", "{C6A6DB15-0023-4E37-AEA9-DD43238D61C6}"
EndProject
Project("{FAE04EC0-301F-11D3-BF4B-00C04F79EFBC}") = "websrvcSAS", "websrvcSAS\websrvcSAS.csproj", "{5344EA14-ECDF-4EBA-B3D7-5200DF0B2DC2}"
EndProject
Project("{FAE04EC0-301F-11D3-BF4B-00C04F79EFBC}") = "SeriUretec", "SeriUretec\SeriUretec.csproj", "{11EDB28E-353F-4C24-9900-E3FC3408BE80}"
EndProject
Global
	GlobalSection(SolutionConfigurationPlatforms) = preSolution
		Debug|Any CPU = Debug|Any CPU
		Debug|Mixed Platforms = Debug|Mixed Platforms
		Debug|x86 = Debug|x86
		Release|Any CPU = Release|Any CPU
		Release|Mixed Platforms = Release|Mixed Platforms
		Release|x86 = Release|x86
	EndGlobalSection
	GlobalSection(ProjectConfigurationPlatforms) = postSolution
		{D1902677-EB7D-4500-943B-1094647C8F37}.Debug|Any CPU.ActiveCfg = Debug|Any CPU
		{D1902677-EB7D-4500-943B-1094647C8F37}.Debug|Any CPU.Build.0 = Debug|Any CPU
		{D1902677-EB7D-4500-943B-1094647C8F37}.Debug|Mixed Platforms.ActiveCfg = Debug|Any CPU
		{D1902677-EB7D-4500-943B-1094647C8F37}.Debug|Mixed Platforms.Build.0 = Debug|Any CPU
		{D1902677-EB7D-4500-943B-1094647C8F37}.Debug|x86.ActiveCfg = Debug|Any CPU
		{D1902677-EB7D-4500-943B-1094647C8F37}.Release|Any CPU.ActiveCfg = Release|Any CPU
		{D1902677-EB7D-4500-943B-1094647C8F37}.Release|Any CPU.Build.0 = Release|Any CPU
		{D1902677-EB7D-4500-943B-1094647C8F37}.Release|Mixed Platforms.ActiveCfg = Release|Any CPU
		{D1902677-EB7D-4500-943B-1094647C8F37}.Release|Mixed Platforms.Build.0 = Release|Any CPU
		{D1902677-EB7D-4500-943B-1094647C8F37}.Release|x86.ActiveCfg = Release|Any CPU
		{1D978781-5654-407E-8F05-4E205BE56044}.Debug|Any CPU.ActiveCfg = Debug|x86
		{1D978781-5654-407E-8F05-4E205BE56044}.Debug|Mixed Platforms.ActiveCfg = Debug|x86
		{1D978781-5654-407E-8F05-4E205BE56044}.Debug|Mixed Platforms.Build.0 = Debug|x86
		{1D978781-5654-407E-8F05-4E205BE56044}.Debug|x86.ActiveCfg = Debug|x86
		{1D978781-5654-407E-8F05-4E205BE56044}.Debug|x86.Build.0 = Debug|x86
		{1D978781-5654-407E-8F05-4E205BE56044}.Release|Any CPU.ActiveCfg = Release|x86
		{1D978781-5654-407E-8F05-4E205BE56044}.Release|Mixed Platforms.ActiveCfg = Release|x86
		{1D978781-5654-407E-8F05-4E205BE56044}.Release|Mixed Platforms.Build.0 = Release|x86
		{1D978781-5654-407E-8F05-4E205BE56044}.Release|x86.ActiveCfg = Release|x86
		{1D978781-5654-407E-8F05-4E205BE56044}.Release|x86.Build.0 = Release|x86
		{C6A6DB15-0023-4E37-AEA9-DD43238D61C6}.Debug|Any CPU.ActiveCfg = Debug|Any CPU
		{C6A6DB15-0023-4E37-AEA9-DD43238D61C6}.Debug|Any CPU.Build.0 = Debug|Any CPU
		{C6A6DB15-0023-4E37-AEA9-DD43238D61C6}.Debug|Mixed Platforms.ActiveCfg = Debug|Any CPU
		{C6A6DB15-0023-4E37-AEA9-DD43238D61C6}.Debug|Mixed Platforms.Build.0 = Debug|Any CPU
		{C6A6DB15-0023-4E37-AEA9-DD43238D61C6}.Debug|x86.ActiveCfg = Debug|Any CPU
		{C6A6DB15-0023-4E37-AEA9-DD43238D61C6}.Release|Any CPU.ActiveCfg = Release|Any CPU
		{C6A6DB15-0023-4E37-AEA9-DD43238D61C6}.Release|Any CPU.Build.0 = Release|Any CPU
		{C6A6DB15-0023-4E37-AEA9-DD43238D61C6}.Release|Mixed Platforms.ActiveCfg = Release|Any CPU
		{C6A6DB15-0023-4E37-AEA9-DD43238D61C6}.Release|Mixed Platforms.Build.0 = Release|Any CPU
		{C6A6DB15-0023-4E37-AEA9-DD43238D61C6}.Release|x86.ActiveCfg = Release|Any CPU
		{5344EA14-ECDF-4EBA-B3D7-5200DF0B2DC2}.Debug|Any CPU.ActiveCfg = Debug|Any CPU
		{5344EA14-ECDF-4EBA-B3D7-5200DF0B2DC2}.Debug|Any CPU.Build.0 = Debug|Any CPU
		{5344EA14-ECDF-4EBA-B3D7-5200DF0B2DC2}.Debug|Mixed Platforms.ActiveCfg = Debug|Any CPU
		{5344EA14-ECDF-4EBA-B3D7-5200DF0B2DC2}.Debug|Mixed Platforms.Build.0 = Debug|Any CPU
		{5344EA14-ECDF-4EBA-B3D7-5200DF0B2DC2}.Debug|x86.ActiveCfg = Debug|Any CPU
		{5344EA14-ECDF-4EBA-B3D7-5200DF0B2DC2}.Release|Any CPU.ActiveCfg = Release|Any CPU
		{5344EA14-ECDF-4EBA-B3D7-5200DF0B2DC2}.Release|Any CPU.Build.0 = Release|Any CPU
		{5344EA14-ECDF-4EBA-B3D7-5200DF0B2DC2}.Release|Mixed Platforms.ActiveCfg = Release|Any CPU
		{5344EA14-ECDF-4EBA-B3D7-5200DF0B2DC2}.Release|Mixed Platforms.Build.0 = Release|Any CPU
		{5344EA14-ECDF-4EBA-B3D7-5200DF0B2DC2}.Release|x86.ActiveCfg = Release|Any CPU
		{11EDB28E-353F-4C24-9900-E3FC3408BE80}.Debug|Any CPU.ActiveCfg = Debug|x86
		{11EDB28E-353F-4C24-9900-E3FC3408BE80}.Debug|Mixed Platforms.ActiveCfg = Debug|x86
		{11EDB28E-353F-4C24-9900-E3FC3408BE80}.Debug|Mixed Platforms.Build.0 = Debug|x86
		{11EDB28E-353F-4C24-9900-E3FC3408BE80}.Debug|x86.ActiveCfg = Debug|x86
		{11EDB28E-353F-4C24-9900-E3FC3408BE80}.Debug|x86.Build.0 = Debug|x86
		{11EDB28E-353F-4C24-9900-E3FC3408BE80}.Release|Any CPU.ActiveCfg = Release|x86
		{11EDB28E-353F-4C24-9900-E3FC3408BE80}.Release|Mixed Platforms.ActiveCfg = Release|x86
		{11EDB28E-353F-4C24-9900-E3FC3408BE80}.Release|Mixed Platforms.Build.0 = Release|x86
		{11EDB28E-353F-4C24-9900-E3FC3408BE80}.Release|x86.ActiveCfg = Release|x86
		{11EDB28E-353F-4C24-9900-E3FC3408BE80}.Release|x86.Build.0 = Release|x86
	EndGlobalSection
	GlobalSection(SolutionProperties) = preSolution
		HideSolutionNode = FALSE
	EndGlobalSection
EndGlobal
